github.com/eolso/threadsafe v0.0.0-20240414010420-7b1dc37c440b h1:xCrlUhus4SxgFdNehGwtdKiPB5gC9mh2Y6jMb2zas/I=
github.com/eolso/threadsafe v0.0.0-20240414010420-7b1dc37c440b/go.mod h1:RTB7Uo8r+9gpIcLXvsuRAv+pgabBfpuBqAooOvOGhSQ=
github.com/go-chi/cors v1.2.1 h1:xEC8UT3Rlp2QuWNEr4Fs/c2EAGVKBwy/1vHx3bppil4=
github.com/go-chi/cors v1.2.1/go.mod h1:sSbTewc+6wYHBBCW7ytsFSn836hqM7JxpglAy2Vzc58=
